
Microsoft Visual Studio Solution File, Format Version 12.00
# Visual Studio Version 17
VisualStudioVersion = 17.4.33122.133
MinimumVisualStudioVersion = 10.0.40219.1
Project("{FAE04EC0-301F-11D3-BF4B-00C04F79EFBC}") = "AddressBookProblems", "AddressBookProblems\AddressBookProblems.csproj", "{F3B0C145-3BB1-40C9-B3FD-4648F401931A}"
EndProject
Global
	GlobalSection(SolutionConfigurationPlatforms) = preSolution
		Debug|Any CPU = Debug|Any CPU
		Release|Any CPU = Release|Any CPU
	EndGlobalSection
	GlobalSection(ProjectConfigurationPlatforms) = postSolution
		{F3B0C145-3BB1-40C9-B3FD-4648F401931A}.Debug|Any CPU.ActiveCfg = Debug|Any CPU
		{F3B0C145-3BB1-40C9-B3FD-4648F401931A}.Debug|Any CPU.Build.0 = Debug|Any CPU
		{F3B0C145-3BB1-40C9-B3FD-4648F401931A}.Release|Any CPU.ActiveCfg = Release|Any CPU
		{F3B0C145-3BB1-40C9-B3FD-4648F401931A}.Release|Any CPU.Build.0 = Release|Any CPU
	EndGlobalSection
	GlobalSection(SolutionProperties) = preSolution
		HideSolutionNode = FALSE
	EndGlobalSection
	GlobalSection(ExtensibilityGlobals) = postSolution
		SolutionGuid = {0B8AC389-395B-4072-BB0F-B54B685273D2}
	EndGlobalSection
EndGlobal
